
Microsoft Visual Studio Solution File, Format Version 12.00
# Visual Studio Version 16
VisualStudioVersion = 16.0.33927.289
MinimumVisualStudioVersion = 10.0.40219.1
Project("{8BC9CEB8-8B4A-11D0-8D11-00A0C91BC942}") = "windows", "windows\windows.vcxproj", "{205E817D-FC88-4726-9374-FD44C388CA0B}"
EndProject
Project("{8BC9CEB8-8B4A-11D0-8D11-00A0C91BC942}") = "coordinate_systems", "coordinate_systems\coordinate_systems.vcxproj", "{E5586463-0F35-4403-A229-3A78AE7D2DB6}"
EndProject
Project("{8BC9CEB8-8B4A-11D0-8D11-00A0C91BC942}") = "coordinate_system_depth", "coordinate_system_depth\coordinate_system_depth.vcxproj", "{0264B360-53A1-4C74-A130-1E0485E15991}"
EndProject
Project("{8BC9CEB8-8B4A-11D0-8D11-00A0C91BC942}") = "camera_circle", "camera_circle\camera_circle.vcxproj", "{B6E4B4B1-D4E6-48C3-A84E-A0DDEC59845D}"
EndProject
Project("{8BC9CEB8-8B4A-11D0-8D11-00A0C91BC942}") = "camera_keybord", "camera_keybord\camera_keybord.vcxproj", "{8EA6A405-8E82-4BA1-94F1-86E03D5CB17D}"
EndProject
Project("{8BC9CEB8-8B4A-11D0-8D11-00A0C91BC942}") = "camera_mouse", "camera_mouse\camera_mouse.vcxproj", "{2A6E4735-DBF7-43D2-92FE-05C5985A9E63}"
EndProject
Project("{8BC9CEB8-8B4A-11D0-8D11-00A0C91BC942}") = "color", "color\color.vcxproj", "{DA75C609-4325-416F-BE99-83732B6DBE11}"
EndProject
Project("{8BC9CEB8-8B4A-11D0-8D11-00A0C91BC942}") = "light_base_diffuse", "light_base_diffuse\light_base_diffuse.vcxproj", "{C2EAD5E2-B238-45C6-9829-98B50413A115}"
EndProject
Project("{8BC9CEB8-8B4A-11D0-8D11-00A0C91BC942}") = "light_specular", "light_specular\light_specular.vcxproj", "{838C9767-B1E3-49EF-A063-BCA4709DEA57}"
EndProject
Project("{8BC9CEB8-8B4A-11D0-8D11-00A0C91BC942}") = "materials", "materials\materials.vcxproj", "{DD7C9298-DD9E-42EF-90F1-3F03C2E88E9D}"
EndProject
Project("{8BC9CEB8-8B4A-11D0-8D11-00A0C91BC942}") = "light_map_diffuse", "light_map_diffuse\light_map_diffuse.vcxproj", "{600889EF-6262-404F-8BAF-6FC302648C8F}"
EndProject
Project("{8BC9CEB8-8B4A-11D0-8D11-00A0C91BC942}") = "light_caster_directional", "light_caster_directional\light_caster_directional.vcxproj", "{508F898F-C18B-4ED2-B612-AA00FFA6D27D}"
EndProject
Project("{8BC9CEB8-8B4A-11D0-8D11-00A0C91BC942}") = "light_caster_point", "light_caster_point\light_caster_point.vcxproj", "{0A2807FB-DA60-480B-B293-13BC32E1368D}"
EndProject
Global
	GlobalSection(SolutionConfigurationPlatforms) = preSolution
		Debug|x64 = Debug|x64
		Debug|x86 = Debug|x86
		Release|x64 = Release|x64
		Release|x86 = Release|x86
	EndGlobalSection
	GlobalSection(ProjectConfigurationPlatforms) = postSolution
		{205E817D-FC88-4726-9374-FD44C388CA0B}.Debug|x64.ActiveCfg = Debug|x64
		{205E817D-FC88-4726-9374-FD44C388CA0B}.Debug|x64.Build.0 = Debug|x64
		{205E817D-FC88-4726-9374-FD44C388CA0B}.Debug|x86.ActiveCfg = Debug|Win32
		{205E817D-FC88-4726-9374-FD44C388CA0B}.Debug|x86.Build.0 = Debug|Win32
		{205E817D-FC88-4726-9374-FD44C388CA0B}.Release|x64.ActiveCfg = Release|x64
		{205E817D-FC88-4726-9374-FD44C388CA0B}.Release|x64.Build.0 = Release|x64
		{205E817D-FC88-4726-9374-FD44C388CA0B}.Release|x86.ActiveCfg = Release|Win32
		{205E817D-FC88-4726-9374-FD44C388CA0B}.Release|x86.Build.0 = Release|Win32
		{E5586463-0F35-4403-A229-3A78AE7D2DB6}.Debug|x64.ActiveCfg = Debug|x64
		{E5586463-0F35-4403-A229-3A78AE7D2DB6}.Debug|x64.Build.0 = Debug|x64
		{E5586463-0F35-4403-A229-3A78AE7D2DB6}.Debug|x86.ActiveCfg = Debug|Win32
		{E5586463-0F35-4403-A229-3A78AE7D2DB6}.Debug|x86.Build.0 = Debug|Win32
		{E5586463-0F35-4403-A229-3A78AE7D2DB6}.Release|x64.ActiveCfg = Release|x64
		{E5586463-0F35-4403-A229-3A78AE7D2DB6}.Release|x64.Build.0 = Release|x64
		{E5586463-0F35-4403-A229-3A78AE7D2DB6}.Release|x86.ActiveCfg = Release|Win32
		{E5586463-0F35-4403-A229-3A78AE7D2DB6}.Release|x86.Build.0 = Release|Win32
		{0264B360-53A1-4C74-A130-1E0485E15991}.Debug|x64.ActiveCfg = Debug|x64
		{0264B360-53A1-4C74-A130-1E0485E15991}.Debug|x64.Build.0 = Debug|x64
		{0264B360-53A1-4C74-A130-1E0485E15991}.Debug|x86.ActiveCfg = Debug|Win32
		{0264B360-53A1-4C74-A130-1E0485E15991}.Debug|x86.Build.0 = Debug|Win32
		{0264B360-53A1-4C74-A130-1E0485E15991}.Release|x64.ActiveCfg = Release|x64
		{0264B360-53A1-4C74-A130-1E0485E15991}.Release|x64.Build.0 = Release|x64
		{0264B360-53A1-4C74-A130-1E0485E15991}.Release|x86.ActiveCfg = Release|Win32
		{0264B360-53A1-4C74-A130-1E0485E15991}.Release|x86.Build.0 = Release|Win32
		{B6E4B4B1-D4E6-48C3-A84E-A0DDEC59845D}.Debug|x64.ActiveCfg = Debug|x64
		{B6E4B4B1-D4E6-48C3-A84E-A0DDEC59845D}.Debug|x64.Build.0 = Debug|x64
		{B6E4B4B1-D4E6-48C3-A84E-A0DDEC59845D}.Debug|x86.ActiveCfg = Debug|Win32
		{B6E4B4B1-D4E6-48C3-A84E-A0DDEC59845D}.Debug|x86.Build.0 = Debug|Win32
		{B6E4B4B1-D4E6-48C3-A84E-A0DDEC59845D}.Release|x64.ActiveCfg = Release|x64
		{B6E4B4B1-D4E6-48C3-A84E-A0DDEC59845D}.Release|x64.Build.0 = Release|x64
		{B6E4B4B1-D4E6-48C3-A84E-A0DDEC59845D}.Release|x86.ActiveCfg = Release|Win32
		{B6E4B4B1-D4E6-48C3-A84E-A0DDEC59845D}.Release|x86.Build.0 = Release|Win32
		{8EA6A405-8E82-4BA1-94F1-86E03D5CB17D}.Debug|x64.ActiveCfg = Debug|x64
		{8EA6A405-8E82-4BA1-94F1-86E03D5CB17D}.Debug|x64.Build.0 = Debug|x64
		{8EA6A405-8E82-4BA1-94F1-86E03D5CB17D}.Debug|x86.ActiveCfg = Debug|Win32
		{8EA6A405-8E82-4BA1-94F1-86E03D5CB17D}.Debug|x86.Build.0 = Debug|Win32
		{8EA6A405-8E82-4BA1-94F1-86E03D5CB17D}.Release|x64.ActiveCfg = Release|x64
		{8EA6A405-8E82-4BA1-94F1-86E03D5CB17D}.Release|x64.Build.0 = Release|x64
		{8EA6A405-8E82-4BA1-94F1-86E03D5CB17D}.Release|x86.ActiveCfg = Release|Win32
		{8EA6A405-8E82-4BA1-94F1-86E03D5CB17D}.Release|x86.Build.0 = Release|Win32
		{2A6E4735-DBF7-43D2-92FE-05C5985A9E63}.Debug|x64.ActiveCfg = Debug|x64
		{2A6E4735-DBF7-43D2-92FE-05C5985A9E63}.Debug|x64.Build.0 = Debug|x64
		{2A6E4735-DBF7-43D2-92FE-05C5985A9E63}.Debug|x86.ActiveCfg = Debug|Win32
		{2A6E4735-DBF7-43D2-92FE-05C5985A9E63}.Debug|x86.Build.0 = Debug|Win32
		{2A6E4735-DBF7-43D2-92FE-05C5985A9E63}.Release|x64.ActiveCfg = Release|x64
		{2A6E4735-DBF7-43D2-92FE-05C5985A9E63}.Release|x64.Build.0 = Release|x64
		{2A6E4735-DBF7-43D2-92FE-05C5985A9E63}.Release|x86.ActiveCfg = Release|Win32
		{2A6E4735-DBF7-43D2-92FE-05C5985A9E63}.Release|x86.Build.0 = Release|Win32
		{DA75C609-4325-416F-BE99-83732B6DBE11}.Debug|x64.ActiveCfg = Debug|x64
		{DA75C609-4325-416F-BE99-83732B6DBE11}.Debug|x64.Build.0 = Debug|x64
		{DA75C609-4325-416F-BE99-83732B6DBE11}.Debug|x86.ActiveCfg = Debug|Win32
		{DA75C609-4325-416F-BE99-83732B6DBE11}.Debug|x86.Build.0 = Debug|Win32
		{DA75C609-4325-416F-BE99-83732B6DBE11}.Release|x64.ActiveCfg = Release|x64
		{DA75C609-4325-416F-BE99-83732B6DBE11}.Release|x64.Build.0 = Release|x64
		{DA75C609-4325-416F-BE99-83732B6DBE11}.Release|x86.ActiveCfg = Release|Win32
		{DA75C609-4325-416F-BE99-83732B6DBE11}.Release|x86.Build.0 = Release|Win32
		{C2EAD5E2-B238-45C6-9829-98B50413A115}.Debug|x64.ActiveCfg = Debug|x64
		{C2EAD5E2-B238-45C6-9829-98B50413A115}.Debug|x64.Build.0 = Debug|x64
		{C2EAD5E2-B238-45C6-9829-98B50413A115}.Debug|x86.ActiveCfg = Debug|Win32
		{C2EAD5E2-B238-45C6-9829-98B50413A115}.Debug|x86.Build.0 = Debug|Win32
		{C2EAD5E2-B238-45C6-9829-98B50413A115}.Release|x64.ActiveCfg = Release|x64
		{C2EAD5E2-B238-45C6-9829-98B50413A115}.Release|x64.Build.0 = Release|x64
		{C2EAD5E2-B238-45C6-9829-98B50413A115}.Release|x86.ActiveCfg = Release|Win32
		{C2EAD5E2-B238-45C6-9829-98B50413A115}.Release|x86.Build.0 = Release|Win32
		{838C9767-B1E3-49EF-A063-BCA4709DEA57}.Debug|x64.ActiveCfg = Debug|x64
		{838C9767-B1E3-49EF-A063-BCA4709DEA57}.Debug|x64.Build.0 = Debug|x64
		{838C9767-B1E3-49EF-A063-BCA4709DEA57}.Debug|x86.ActiveCfg = Debug|Win32
		{838C9767-B1E3-49EF-A063-BCA4709DEA57}.Debug|x86.Build.0 = Debug|Win32
		{838C9767-B1E3-49EF-A063-BCA4709DEA57}.Release|x64.ActiveCfg = Release|x64
		{838C9767-B1E3-49EF-A063-BCA4709DEA57}.Release|x64.Build.0 = Release|x64
		{838C9767-B1E3-49EF-A063-BCA4709DEA57}.Release|x86.ActiveCfg = Release|Win32
		{838C9767-B1E3-49EF-A063-BCA4709DEA57}.Release|x86.Build.0 = Release|Win32
		{DD7C9298-DD9E-42EF-90F1-3F03C2E88E9D}.Debug|x64.ActiveCfg = Debug|x64
		{DD7C9298-DD9E-42EF-90F1-3F03C2E88E9D}.Debug|x64.Build.0 = Debug|x64
		{DD7C9298-DD9E-42EF-90F1-3F03C2E88E9D}.Debug|x86.ActiveCfg = Debug|Win32
		{DD7C9298-DD9E-42EF-90F1-3F03C2E88E9D}.Debug|x86.Build.0 = Debug|Win32
		{DD7C9298-DD9E-42EF-90F1-3F03C2E88E9D}.Release|x64.ActiveCfg = Release|x64
		{DD7C9298-DD9E-42EF-90F1-3F03C2E88E9D}.Release|x64.Build.0 = Release|x64
		{DD7C9298-DD9E-42EF-90F1-3F03C2E88E9D}.Release|x86.ActiveCfg = Release|Win32
		{DD7C9298-DD9E-42EF-90F1-3F03C2E88E9D}.Release|x86.Build.0 = Release|Win32
		{600889EF-6262-404F-8BAF-6FC302648C8F}.Debug|x64.ActiveCfg = Debug|x64
		{600889EF-6262-404F-8BAF-6FC302648C8F}.Debug|x64.Build.0 = Debug|x64
		{600889EF-6262-404F-8BAF-6FC302648C8F}.Debug|x86.ActiveCfg = Debug|Win32
		{600889EF-6262-404F-8BAF-6FC302648C8F}.Debug|x86.Build.0 = Debug|Win32
		{600889EF-6262-404F-8BAF-6FC302648C8F}.Release|x64.ActiveCfg = Release|x64
		{600889EF-6262-404F-8BAF-6FC302648C8F}.Release|x64.Build.0 = Release|x64
		{600889EF-6262-404F-8BAF-6FC302648C8F}.Release|x86.ActiveCfg = Release|Win32
		{600889EF-6262-404F-8BAF-6FC302648C8F}.Release|x86.Build.0 = Release|Win32
		{508F898F-C18B-4ED2-B612-AA00FFA6D27D}.Debug|x64.ActiveCfg = Debug|x64
		{508F898F-C18B-4ED2-B612-AA00FFA6D27D}.Debug|x64.Build.0 = Debug|x64
		{508F898F-C18B-4ED2-B612-AA00FFA6D27D}.Debug|x86.ActiveCfg = Debug|Win32
		{508F898F-C18B-4ED2-B612-AA00FFA6D27D}.Debug|x86.Build.0 = Debug|Win32
		{508F898F-C18B-4ED2-B612-AA00FFA6D27D}.Release|x64.ActiveCfg = Release|x64
		{508F898F-C18B-4ED2-B612-AA00FFA6D27D}.Release|x64.Build.0 = Release|x64
		{508F898F-C18B-4ED2-B612-AA00FFA6D27D}.Release|x86.ActiveCfg = Release|Win32
		{508F898F-C18B-4ED2-B612-AA00FFA6D27D}.Release|x86.Build.0 = Release|Win32
		{0A2807FB-DA60-480B-B293-13BC32E1368D}.Debug|x64.ActiveCfg = Debug|x64
		{0A2807FB-DA60-480B-B293-13BC32E1368D}.Debug|x64.Build.0 = Debug|x64
		{0A2807FB-DA60-480B-B293-13BC32E1368D}.Debug|x86.ActiveCfg = Debug|Win32
		{0A2807FB-DA60-480B-B293-13BC32E1368D}.Debug|x86.Build.0 = Debug|Win32
		{0A2807FB-DA60-480B-B293-13BC32E1368D}.Release|x64.ActiveCfg = Release|x64
		{0A2807FB-DA60-480B-B293-13BC32E1368D}.Release|x64.Build.0 = Release|x64
		{0A2807FB-DA60-480B-B293-13BC32E1368D}.Release|x86.ActiveCfg = Release|Win32
		{0A2807FB-DA60-480B-B293-13BC32E1368D}.Release|x86.Build.0 = Release|Win32
	EndGlobalSection
	GlobalSection(SolutionProperties) = preSolution
		HideSolutionNode = FALSE
	EndGlobalSection
	GlobalSection(ExtensibilityGlobals) = postSolution
		SolutionGuid = {E1246AC3-256D-4467-9A55-4B9968D85BBA}
	EndGlobalSection
EndGlobal
